
Microsoft Visual Studio Solution File, Format Version 12.00
# Visual Studio Version 17
VisualStudioVersion = 17.1.32210.238
MinimumVisualStudioVersion = 10.0.40219.1
Project("{2150E333-8FDC-42A3-9474-1A3956D46DE8}") = "Core", "Core", "{0B690615-EF66-4DE8-96BA-53B3044001A4}"
EndProject
Project("{2150E333-8FDC-42A3-9474-1A3956D46DE8}") = "Tests", "Tests", "{161148EC-A84F-4707-A4A4-DFC87201C197}"
EndProject
Project("{FAE04EC0-301F-11D3-BF4B-00C04F79EFBC}") = "RullTest_1", "Tests\RullTest_1\RullTest_1.csproj", "{9A09AC24-B4D9-4BDE-81A3-8FC7C0739B4D}"
EndProject
Project("{FAE04EC0-301F-11D3-BF4B-00C04F79EFBC}") = "OneDPrep", "Tests\OneDPrep\OneDPrep.csproj", "{0FF42327-0EB4-4CF0-9809-B90A32ED7ED2}"
EndProject
Project("{9A19103F-16F7-4668-BE54-9A1E7A4F7556}") = "AI", "..\AIFrameworkOpen\AI\AI.csproj", "{5BB9B8AC-9906-4FD7-A8E6-5EB202FB57A1}"
EndProject
Project("{FAE04EC0-301F-11D3-BF4B-00C04F79EFBC}") = "WordTest", "WordTest\WordTest.csproj", "{6B4F3AF9-364A-4957-886A-5F0E218A5420}"
EndProject
Project("{FAE04EC0-301F-11D3-BF4B-00C04F79EFBC}") = "ControllerTest", "Tests\ControllerTest\ControllerTest.csproj", "{6179DAFF-5560-43C1-9D1C-C8F175DEE1D9}"
EndProject
Project("{FAE04EC0-301F-11D3-BF4B-00C04F79EFBC}") = "AIDogLib", "Core\AIDogLib\AIDogLib.csproj", "{022BB645-369E-4614-B26D-1340A1FF50F3}"
EndProject
Project("{FAE04EC0-301F-11D3-BF4B-00C04F79EFBC}") = "AISignalLab", "..\AISignalLabs\AISignalLab\AISignalLab.csproj", "{A94443B7-4B84-4A15-B16C-09474BC5E432}"
EndProject
Project("{2150E333-8FDC-42A3-9474-1A3956D46DE8}") = "DSPTests", "DSPTests", "{166B4D63-FA61-42EC-BB7C-7A743D732A8F}"
EndProject
Project("{FAE04EC0-301F-11D3-BF4B-00C04F79EFBC}") = "AGCTest", "Tests\DSPTests\AGCTest\AGCTest.csproj", "{C015FEA3-9B31-4ADF-B002-008685A0F93D}"
EndProject
Global
	GlobalSection(SolutionConfigurationPlatforms) = preSolution
		Debug|Any CPU = Debug|Any CPU
		Release|Any CPU = Release|Any CPU
	EndGlobalSection
	GlobalSection(ProjectConfigurationPlatforms) = postSolution
		{9A09AC24-B4D9-4BDE-81A3-8FC7C0739B4D}.Debug|Any CPU.ActiveCfg = Debug|Any CPU
		{9A09AC24-B4D9-4BDE-81A3-8FC7C0739B4D}.Debug|Any CPU.Build.0 = Debug|Any CPU
		{9A09AC24-B4D9-4BDE-81A3-8FC7C0739B4D}.Release|Any CPU.ActiveCfg = Release|Any CPU
		{9A09AC24-B4D9-4BDE-81A3-8FC7C0739B4D}.Release|Any CPU.Build.0 = Release|Any CPU
		{0FF42327-0EB4-4CF0-9809-B90A32ED7ED2}.Debug|Any CPU.ActiveCfg = Debug|Any CPU
		{0FF42327-0EB4-4CF0-9809-B90A32ED7ED2}.Debug|Any CPU.Build.0 = Debug|Any CPU
		{0FF42327-0EB4-4CF0-9809-B90A32ED7ED2}.Release|Any CPU.ActiveCfg = Release|Any CPU
		{0FF42327-0EB4-4CF0-9809-B90A32ED7ED2}.Release|Any CPU.Build.0 = Release|Any CPU
		{5BB9B8AC-9906-4FD7-A8E6-5EB202FB57A1}.Debug|Any CPU.ActiveCfg = Debug|Any CPU
		{5BB9B8AC-9906-4FD7-A8E6-5EB202FB57A1}.Debug|Any CPU.Build.0 = Debug|Any CPU
		{5BB9B8AC-9906-4FD7-A8E6-5EB202FB57A1}.Release|Any CPU.ActiveCfg = Release|Any CPU
		{5BB9B8AC-9906-4FD7-A8E6-5EB202FB57A1}.Release|Any CPU.Build.0 = Release|Any CPU
		{6B4F3AF9-364A-4957-886A-5F0E218A5420}.Debug|Any CPU.ActiveCfg = Debug|Any CPU
		{6B4F3AF9-364A-4957-886A-5F0E218A5420}.Debug|Any CPU.Build.0 = Debug|Any CPU
		{6B4F3AF9-364A-4957-886A-5F0E218A5420}.Release|Any CPU.ActiveCfg = Release|Any CPU
		{6B4F3AF9-364A-4957-886A-5F0E218A5420}.Release|Any CPU.Build.0 = Release|Any CPU
		{6179DAFF-5560-43C1-9D1C-C8F175DEE1D9}.Debug|Any CPU.ActiveCfg = Debug|Any CPU
		{6179DAFF-5560-43C1-9D1C-C8F175DEE1D9}.Debug|Any CPU.Build.0 = Debug|Any CPU
		{6179DAFF-5560-43C1-9D1C-C8F175DEE1D9}.Release|Any CPU.ActiveCfg = Release|Any CPU
		{6179DAFF-5560-43C1-9D1C-C8F175DEE1D9}.Release|Any CPU.Build.0 = Release|Any CPU
		{022BB645-369E-4614-B26D-1340A1FF50F3}.Debug|Any CPU.ActiveCfg = Debug|Any CPU
		{022BB645-369E-4614-B26D-1340A1FF50F3}.Debug|Any CPU.Build.0 = Debug|Any CPU
		{022BB645-369E-4614-B26D-1340A1FF50F3}.Release|Any CPU.ActiveCfg = Release|Any CPU
		{022BB645-369E-4614-B26D-1340A1FF50F3}.Release|Any CPU.Build.0 = Release|Any CPU
		{A94443B7-4B84-4A15-B16C-09474BC5E432}.Debug|Any CPU.ActiveCfg = Debug|Any CPU
		{A94443B7-4B84-4A15-B16C-09474BC5E432}.Debug|Any CPU.Build.0 = Debug|Any CPU
		{A94443B7-4B84-4A15-B16C-09474BC5E432}.Release|Any CPU.ActiveCfg = Release|Any CPU
		{A94443B7-4B84-4A15-B16C-09474BC5E432}.Release|Any CPU.Build.0 = Release|Any CPU
		{C015FEA3-9B31-4ADF-B002-008685A0F93D}.Debug|Any CPU.ActiveCfg = Debug|Any CPU
		{C015FEA3-9B31-4ADF-B002-008685A0F93D}.Debug|Any CPU.Build.0 = Debug|Any CPU
		{C015FEA3-9B31-4ADF-B002-008685A0F93D}.Release|Any CPU.ActiveCfg = Release|Any CPU
		{C015FEA3-9B31-4ADF-B002-008685A0F93D}.Release|Any CPU.Build.0 = Release|Any CPU
	EndGlobalSection
	GlobalSection(SolutionProperties) = preSolution
		HideSolutionNode = FALSE
	EndGlobalSection
	GlobalSection(NestedProjects) = preSolution
		{9A09AC24-B4D9-4BDE-81A3-8FC7C0739B4D} = {161148EC-A84F-4707-A4A4-DFC87201C197}
		{0FF42327-0EB4-4CF0-9809-B90A32ED7ED2} = {161148EC-A84F-4707-A4A4-DFC87201C197}
		{6B4F3AF9-364A-4957-886A-5F0E218A5420} = {161148EC-A84F-4707-A4A4-DFC87201C197}
		{6179DAFF-5560-43C1-9D1C-C8F175DEE1D9} = {161148EC-A84F-4707-A4A4-DFC87201C197}
		{022BB645-369E-4614-B26D-1340A1FF50F3} = {0B690615-EF66-4DE8-96BA-53B3044001A4}
		{166B4D63-FA61-42EC-BB7C-7A743D732A8F} = {161148EC-A84F-4707-A4A4-DFC87201C197}
		{C015FEA3-9B31-4ADF-B002-008685A0F93D} = {166B4D63-FA61-42EC-BB7C-7A743D732A8F}
	EndGlobalSection
	GlobalSection(ExtensibilityGlobals) = postSolution
		SolutionGuid = {BA56DAD1-C071-4A94-BDED-17A3A2AC6193}
	EndGlobalSection
EndGlobal
